
Microsoft Visual Studio Solution File, Format Version 12.00
# Visual Studio Version 17
VisualStudioVersion = 17.3.32519.111
MinimumVisualStudioVersion = 10.0.40219.1
Project("{9A19103F-16F7-4668-BE54-9A1E7A4F7556}") = "RazorApp1", "RazorApp1\RazorApp1.csproj", "{E18EE99E-D5D8-481A-BB90-D259AB4DBF42}"
EndProject
Project("{9A19103F-16F7-4668-BE54-9A1E7A4F7556}") = "AmmoraiteCollections", "AmmoraiteCollections\AmmoraiteCollections.csproj", "{7A47EDC3-44A9-4BC9-ACA0-03916D58BEE8}"
EndProject
Project("{9A19103F-16F7-4668-BE54-9A1E7A4F7556}") = "Interfases", "Interfases\Interfases.csproj", "{D4FD9164-ED4F-445C-B5D4-F6D2B1AC2698}"
EndProject
<<<<<<< HEAD
=======
Project("{FAE04EC0-301F-11D3-BF4B-00C04F79EFBC}") = "RazorApp1.Models", "RazorApp1.Models\RazorApp1.Models.csproj", "{B46CE938-2E51-4D95-86EE-5E994C892F70}"
EndProject
>>>>>>> Update_Collection
Global
	GlobalSection(SolutionConfigurationPlatforms) = preSolution
		Debug|Any CPU = Debug|Any CPU
		Release|Any CPU = Release|Any CPU
	EndGlobalSection
	GlobalSection(ProjectConfigurationPlatforms) = postSolution
		{E18EE99E-D5D8-481A-BB90-D259AB4DBF42}.Debug|Any CPU.ActiveCfg = Debug|Any CPU
		{E18EE99E-D5D8-481A-BB90-D259AB4DBF42}.Debug|Any CPU.Build.0 = Debug|Any CPU
		{E18EE99E-D5D8-481A-BB90-D259AB4DBF42}.Release|Any CPU.ActiveCfg = Release|Any CPU
		{E18EE99E-D5D8-481A-BB90-D259AB4DBF42}.Release|Any CPU.Build.0 = Release|Any CPU
		{7A47EDC3-44A9-4BC9-ACA0-03916D58BEE8}.Debug|Any CPU.ActiveCfg = Debug|Any CPU
		{7A47EDC3-44A9-4BC9-ACA0-03916D58BEE8}.Debug|Any CPU.Build.0 = Debug|Any CPU
		{7A47EDC3-44A9-4BC9-ACA0-03916D58BEE8}.Release|Any CPU.ActiveCfg = Release|Any CPU
		{7A47EDC3-44A9-4BC9-ACA0-03916D58BEE8}.Release|Any CPU.Build.0 = Release|Any CPU
		{D4FD9164-ED4F-445C-B5D4-F6D2B1AC2698}.Debug|Any CPU.ActiveCfg = Debug|Any CPU
		{D4FD9164-ED4F-445C-B5D4-F6D2B1AC2698}.Debug|Any CPU.Build.0 = Debug|Any CPU
		{D4FD9164-ED4F-445C-B5D4-F6D2B1AC2698}.Release|Any CPU.ActiveCfg = Release|Any CPU
		{D4FD9164-ED4F-445C-B5D4-F6D2B1AC2698}.Release|Any CPU.Build.0 = Release|Any CPU
<<<<<<< HEAD
=======
		{B46CE938-2E51-4D95-86EE-5E994C892F70}.Debug|Any CPU.ActiveCfg = Debug|Any CPU
		{B46CE938-2E51-4D95-86EE-5E994C892F70}.Debug|Any CPU.Build.0 = Debug|Any CPU
		{B46CE938-2E51-4D95-86EE-5E994C892F70}.Release|Any CPU.ActiveCfg = Release|Any CPU
		{B46CE938-2E51-4D95-86EE-5E994C892F70}.Release|Any CPU.Build.0 = Release|Any CPU
>>>>>>> Update_Collection
	EndGlobalSection
	GlobalSection(SolutionProperties) = preSolution
		HideSolutionNode = FALSE
	EndGlobalSection
	GlobalSection(ExtensibilityGlobals) = postSolution
		SolutionGuid = {02B9B27C-8689-4679-88F3-17A939452F65}
	EndGlobalSection
EndGlobal
